Microsoft Visual Studio Solution File, Format Version 12.00
# Visual Studio Version 17
VisualStudioVersion = 17.5.2.0
MinimumVisualStudioVersion = 10.0.40219.1
Project("{FAE04EC0-301F-11D3-BF4B-00C04F79EFBC}") = "QuantityMeasurementBusinessLayer", "QuantityMeasurementBusinessLayer\QuantityMeasurementBusinessLayer.csproj", "{A4E53BC3-261D-727F-2F20-7844562F6B57}"
EndProject
Project("{FAE04EC0-301F-11D3-BF4B-00C04F79EFBC}") = "tests", "tests\tests.csproj", "{9CF47860-2CEA-F379-09D8-9AEF27965D12}"
EndProject
Project("{FAE04EC0-301F-11D3-BF4B-00C04F79EFBC}") = "QuantityMeasurementModel", "QuantityMeasurementModel\QuantityMeasurementModel.csproj", "{E4044820-9ADB-1C39-1150-CF93AFF048BA}"
EndProject
Project("{FAE04EC0-301F-11D3-BF4B-00C04F79EFBC}") = "QuantityMeasurementRepository", "QuantityMeasurementRepository\QuantityMeasurementRepository.csproj", "{9BFD87A5-8447-E7DB-2893-2459F1D9920F}"
EndProject
Project("{FAE04EC0-301F-11D3-BF4B-00C04F79EFBC}") = "QuantityMeasurementController", "QuantityMeasurementController\QuantityMeasurementController.csproj", "{6DC4F483-37DA-2FE5-AA7D-69F3DC62B725}"
EndProject
Global
	GlobalSection(SolutionConfigurationPlatforms) = preSolution
		Debug|Any CPU = Debug|Any CPU
		Release|Any CPU = Release|Any CPU
	EndGlobalSection
	GlobalSection(ProjectConfigurationPlatforms) = postSolution
		{A4E53BC3-261D-727F-2F20-7844562F6B57}.Debug|Any CPU.ActiveCfg = Debug|Any CPU
		{A4E53BC3-261D-727F-2F20-7844562F6B57}.Debug|Any CPU.Build.0 = Debug|Any CPU
		{A4E53BC3-261D-727F-2F20-7844562F6B57}.Release|Any CPU.ActiveCfg = Release|Any CPU
		{A4E53BC3-261D-727F-2F20-7844562F6B57}.Release|Any CPU.Build.0 = Release|Any CPU
		{9CF47860-2CEA-F379-09D8-9AEF27965D12}.Debug|Any CPU.ActiveCfg = Debug|Any CPU
		{9CF47860-2CEA-F379-09D8-9AEF27965D12}.Debug|Any CPU.Build.0 = Debug|Any CPU
		{9CF47860-2CEA-F379-09D8-9AEF27965D12}.Release|Any CPU.ActiveCfg = Release|Any CPU
		{9CF47860-2CEA-F379-09D8-9AEF27965D12}.Release|Any CPU.Build.0 = Release|Any CPU
		{E4044820-9ADB-1C39-1150-CF93AFF048BA}.Debug|Any CPU.ActiveCfg = Debug|Any CPU
		{E4044820-9ADB-1C39-1150-CF93AFF048BA}.Debug|Any CPU.Build.0 = Debug|Any CPU
		{E4044820-9ADB-1C39-1150-CF93AFF048BA}.Release|Any CPU.ActiveCfg = Release|Any CPU
		{E4044820-9ADB-1C39-1150-CF93AFF048BA}.Release|Any CPU.Build.0 = Release|Any CPU
		{9BFD87A5-8447-E7DB-2893-2459F1D9920F}.Debug|Any CPU.ActiveCfg = Debug|Any CPU
		{9BFD87A5-8447-E7DB-2893-2459F1D9920F}.Debug|Any CPU.Build.0 = Debug|Any CPU
		{9BFD87A5-8447-E7DB-2893-2459F1D9920F}.Release|Any CPU.ActiveCfg = Release|Any CPU
		{9BFD87A5-8447-E7DB-2893-2459F1D9920F}.Release|Any CPU.Build.0 = Release|Any CPU
		{6DC4F483-37DA-2FE5-AA7D-69F3DC62B725}.Debug|Any CPU.ActiveCfg = Debug|Any CPU
		{6DC4F483-37DA-2FE5-AA7D-69F3DC62B725}.Debug|Any CPU.Build.0 = Debug|Any CPU
		{6DC4F483-37DA-2FE5-AA7D-69F3DC62B725}.Release|Any CPU.ActiveCfg = Release|Any CPU
		{6DC4F483-37DA-2FE5-AA7D-69F3DC62B725}.Release|Any CPU.Build.0 = Release|Any CPU
	EndGlobalSection
	GlobalSection(SolutionProperties) = preSolution
		HideSolutionNode = FALSE
	EndGlobalSection
	GlobalSection(ExtensibilityGlobals) = postSolution
		SolutionGuid = {591C653E-9C16-49DA-9321-1DFCA37743FA}
	EndGlobalSection
EndGlobal
